<?xml version="1.0" encoding="UTF-8"?>
<!DOCTYPE plist PUBLIC "-//Apple//DTD PLIST 1.0//EN" "http://www.apple.com/DTDs/PropertyList-1.0.dtd">
<plist version="1.0">
<dict>
	<key>archiveVersion</key>
	<string>1</string>
	<key>classes</key>
	<dict/>
	<key>objectVersion</key>
	<string>46</string>
	<key>objects</key>
	<dict>
		<key>1F2FA52C4D1968175C7AE9AC</key>
		<dict>
			<key>includeInIndex</key>
			<string>1</string>
			<key>isa</key>
			<string>PBXFileReference</string>
			<key>lastKnownFileType</key>
			<string>text.xcconfig</string>
			<key>name</key>
			<string>Pods-EasyTodoTodayExtenstion.release.xcconfig</string>
			<key>path</key>
			<string>Pods/Target Support Files/Pods-EasyTodoTodayExtenstion/Pods-EasyTodoTodayExtenstion.release.xcconfig</string>
			<key>sourceTree</key>
			<string>&lt;group&gt;</string>
		</dict>
		<key>29D17F8DAD0882DE92630AC9</key>
		<dict>
			<key>children</key>
			<array>
				<string>C24BBA64E2E76ABE61B3E854</string>
				<string>E2AD83C08B57EE991B13E213</string>
				<string>79525DEEF1DDD91029F4EABD</string>
				<string>F0D9A674E9E12706956D209C</string>
				<string>7F2C8A55A6DA36E0C6C87A7E</string>
				<string>1F2FA52C4D1968175C7AE9AC</string>
			</array>
			<key>isa</key>
			<string>PBXGroup</string>
			<key>name</key>
			<string>Pods</string>
			<key>sourceTree</key>
			<string>&lt;group&gt;</string>
		</dict>
		<key>42C72F18DDEE1B0861A15AD3</key>
		<dict>
			<key>explicitFileType</key>
			<string>archive.ar</string>
			<key>includeInIndex</key>
			<string>0</string>
			<key>isa</key>
			<string>PBXFileReference</string>
			<key>path</key>
			<string>libPods-EasyTodoTests.a</string>
			<key>sourceTree</key>
			<string>BUILT_PRODUCTS_DIR</string>
		</dict>
		<key>4489568ACEA467906EC1C293</key>
		<dict>
			<key>buildActionMask</key>
			<string>2147483647</string>
			<key>files</key>
			<array/>
			<key>inputPaths</key>
			<array/>
			<key>isa</key>
			<string>PBXShellScriptBuildPhase</string>
			<key>name</key>
			<string>Check Pods Manifest.lock</string>
			<key>outputPaths</key>
			<array/>
			<key>runOnlyForDeploymentPostprocessing</key>
			<string>0</string>
			<key>shellPath</key>
			<string>/bin/sh</string>
			<key>shellScript</key>
			<string>diff "${PODS_ROOT}/../Podfile.lock" "${PODS_ROOT}/Manifest.lock" &gt; /dev/null
if [[ $? != 0 ]] ; then
    cat &lt;&lt; EOM
error: The sandbox is not in sync with the Podfile.lock. Run 'pod install' or update your CocoaPods installation.
EOM
    exit 1
fi
</string>
			<key>showEnvVarsInLog</key>
			<string>0</string>
		</dict>
		<key>44CA7628B69740A0A98141FD</key>
		<dict>
			<key>buildActionMask</key>
			<string>2147483647</string>
			<key>files</key>
			<array/>
			<key>inputPaths</key>
			<array/>
			<key>isa</key>
			<string>PBXShellScriptBuildPhase</string>
			<key>name</key>
			<string>Check Pods Manifest.lock</string>
			<key>outputPaths</key>
			<array/>
			<key>runOnlyForDeploymentPostprocessing</key>
			<string>0</string>
			<key>shellPath</key>
			<string>/bin/sh</string>
			<key>shellScript</key>
			<string>diff "${PODS_ROOT}/../Podfile.lock" "${PODS_ROOT}/Manifest.lock" &gt; /dev/null
if [[ $? != 0 ]] ; then
    cat &lt;&lt; EOM
error: The sandbox is not in sync with the Podfile.lock. Run 'pod install' or update your CocoaPods installation.
EOM
    exit 1
fi
</string>
			<key>showEnvVarsInLog</key>
			<string>0</string>
		</dict>
		<key>52A2783FEDC99D11BEE9A142</key>
		<dict>
			<key>fileRef</key>
			<string>74F93A18C4CE1C243B857D47</string>
			<key>isa</key>
			<string>PBXBuildFile</string>
		</dict>
		<key>5A3689D46F5610E748977BA1</key>
		<dict>
			<key>buildActionMask</key>
			<string>2147483647</string>
			<key>files</key>
			<array/>
			<key>inputPaths</key>
			<array/>
			<key>isa</key>
			<string>PBXShellScriptBuildPhase</string>
			<key>name</key>
			<string>Check Pods Manifest.lock</string>
			<key>outputPaths</key>
			<array/>
			<key>runOnlyForDeploymentPostprocessing</key>
			<string>0</string>
			<key>shellPath</key>
			<string>/bin/sh</string>
			<key>shellScript</key>
			<string>diff "${PODS_ROOT}/../Podfile.lock" "${PODS_ROOT}/Manifest.lock" &gt; /dev/null
if [[ $? != 0 ]] ; then
    cat &lt;&lt; EOM
error: The sandbox is not in sync with the Podfile.lock. Run 'pod install' or update your CocoaPods installation.
EOM
    exit 1
fi
</string>
			<key>showEnvVarsInLog</key>
			<string>0</string>
		</dict>
		<key>5C2896F11D93886000E07E54</key>
		<dict>
			<key>buildActionMask</key>
			<string>2147483647</string>
			<key>files</key>
			<array>
				<string>5C2896FC1D93886000E07E54</string>
			</array>
			<key>isa</key>
			<string>PBXSourcesBuildPhase</string>
			<key>runOnlyForDeploymentPostprocessing</key>
			<string>0</string>
		</dict>
		<key>5C2896F21D93886000E07E54</key>
		<dict>
			<key>buildActionMask</key>
			<string>2147483647</string>
			<key>files</key>
			<array>
				<string>5C2896F81D93886000E07E54</string>
				<string>52A2783FEDC99D11BEE9A142</string>
			</array>
			<key>isa</key>
			<string>PBXFrameworksBuildPhase</string>
			<key>runOnlyForDeploymentPostprocessing</key>
			<string>0</string>
		</dict>
		<key>5C2896F31D93886000E07E54</key>
		<dict>
			<key>buildActionMask</key>
			<string>2147483647</string>
			<key>files</key>
			<array>
				<string>5C2896FF1D93886000E07E54</string>
			</array>
			<key>isa</key>
			<string>PBXResourcesBuildPhase</string>
			<key>runOnlyForDeploymentPostprocessing</key>
			<string>0</string>
		</dict>
		<key>5C2896F41D93886000E07E54</key>
		<dict>
			<key>buildConfigurationList</key>
			<string>5C2897061D93886000E07E54</string>
			<key>buildPhases</key>
			<array>
				<string>44CA7628B69740A0A98141FD</string>
				<string>5C2896F11D93886000E07E54</string>
				<string>5C2896F21D93886000E07E54</string>
				<string>5C2896F31D93886000E07E54</string>
				<string>DEC58BCC806B12332532C0D7</string>
				<string>B593825D2A6F0659FF85A508</string>
			</array>
			<key>buildRules</key>
			<array/>
			<key>dependencies</key>
			<array/>
			<key>isa</key>
			<string>PBXNativeTarget</string>
			<key>name</key>
			<string>EasyTodoTodayExtenstion</string>
			<key>productName</key>
			<string>EasyTodoTodayExtenstion</string>
			<key>productReference</key>
			<string>5C2896F51D93886000E07E54</string>
			<key>productType</key>
			<string>com.apple.product-type.app-extension</string>
		</dict>
		<key>5C2896F51D93886000E07E54</key>
		<dict>
			<key>explicitFileType</key>
			<string>wrapper.app-extension</string>
			<key>includeInIndex</key>
			<string>0</string>
			<key>isa</key>
			<string>PBXFileReference</string>
			<key>path</key>
			<string>EasyTodoTodayExtenstion.appex</string>
			<key>sourceTree</key>
			<string>BUILT_PRODUCTS_DIR</string>
		</dict>
		<key>5C2896F61D93886000E07E54</key>
		<dict>
			<key>children</key>
			<array>
				<string>5C2896F71D93886000E07E54</string>
				<string>E7EB909E07740FAFB1ECC4CB</string>
				<string>42C72F18DDEE1B0861A15AD3</string>
				<string>74F93A18C4CE1C243B857D47</string>
			</array>
			<key>isa</key>
			<string>PBXGroup</string>
			<key>name</key>
			<string>Frameworks</string>
			<key>sourceTree</key>
			<string>&lt;group&gt;</string>
		</dict>
		<key>5C2896F71D93886000E07E54</key>
		<dict>
			<key>isa</key>
			<string>PBXFileReference</string>
			<key>lastKnownFileType</key>
			<string>wrapper.framework</string>
			<key>name</key>
			<string>NotificationCenter.framework</string>
			<key>path</key>
			<string>System/Library/Frameworks/NotificationCenter.framework</string>
			<key>sourceTree</key>
			<string>SDKROOT</string>
		</dict>
		<key>5C2896F81D93886000E07E54</key>
		<dict>
			<key>fileRef</key>
			<string>5C2896F71D93886000E07E54</string>
			<key>isa</key>
			<string>PBXBuildFile</string>
		</dict>
		<key>5C2896F91D93886000E07E54</key>
		<dict>
			<key>children</key>
			<array>
				<string>5C2897091D938C2700E07E54</string>
				<string>5C2896FA1D93886000E07E54</string>
				<string>5C2896FB1D93886000E07E54</string>
				<string>5C2896FD1D93886000E07E54</string>
				<string>5C2897001D93886000E07E54</string>
			</array>
			<key>isa</key>
			<string>PBXGroup</string>
			<key>path</key>
			<string>EasyTodoTodayExtenstion</string>
			<key>sourceTree</key>
			<string>&lt;group&gt;</string>
		</dict>
		<key>5C2896FA1D93886000E07E54</key>
		<dict>
			<key>isa</key>
			<string>PBXFileReference</string>
			<key>lastKnownFileType</key>
			<string>sourcecode.c.h</string>
			<key>path</key>
			<string>TodayViewController.h</string>
			<key>sourceTree</key>
			<string>&lt;group&gt;</string>
		</dict>
		<key>5C2896FB1D93886000E07E54</key>
		<dict>
			<key>isa</key>
			<string>PBXFileReference</string>
			<key>lastKnownFileType</key>
			<string>sourcecode.c.objc</string>
			<key>path</key>
			<string>TodayViewController.m</string>
			<key>sourceTree</key>
			<string>&lt;group&gt;</string>
		</dict>
		<key>5C2896FC1D93886000E07E54</key>
		<dict>
			<key>fileRef</key>
			<string>5C2896FB1D93886000E07E54</string>
			<key>isa</key>
			<string>PBXBuildFile</string>
		</dict>
		<key>5C2896FD1D93886000E07E54</key>
		<dict>
			<key>children</key>
			<array>
				<string>5C2896FE1D93886000E07E54</string>
			</array>
			<key>isa</key>
			<string>PBXVariantGroup</string>
			<key>name</key>
			<string>MainInterface.storyboard</string>
			<key>sourceTree</key>
			<string>&lt;group&gt;</string>
		</dict>
		<key>5C2896FE1D93886000E07E54</key>
		<dict>
			<key>isa</key>
			<string>PBXFileReference</string>
			<key>lastKnownFileType</key>
			<string>file.storyboard</string>
			<key>name</key>
			<string>Base</string>
			<key>path</key>
			<string>Base.lproj/MainInterface.storyboard</string>
			<key>sourceTree</key>
			<string>&lt;group&gt;</string>
		</dict>
		<key>5C2896FF1D93886000E07E54</key>
		<dict>
			<key>fileRef</key>
			<string>5C2896FD1D93886000E07E54</string>
			<key>isa</key>
			<string>PBXBuildFile</string>
		</dict>
		<key>5C2897001D93886000E07E54</key>
		<dict>
			<key>isa</key>
			<string>PBXFileReference</string>
			<key>lastKnownFileType</key>
			<string>text.plist.xml</string>
			<key>path</key>
			<string>Info.plist</string>
			<key>sourceTree</key>
			<string>&lt;group&gt;</string>
		</dict>
		<key>5C2897011D93886000E07E54</key>
		<dict>
			<key>containerPortal</key>
			<string>5C73856A1D8D07B10065CE41</string>
			<key>isa</key>
			<string>PBXContainerItemProxy</string>
			<key>proxyType</key>
			<string>1</string>
			<key>remoteGlobalIDString</key>
			<string>5C2896F41D93886000E07E54</string>
			<key>remoteInfo</key>
			<string>EasyTodoTodayExtenstion</string>
		</dict>
		<key>5C2897021D93886000E07E54</key>
		<dict>
			<key>isa</key>
			<string>PBXTargetDependency</string>
			<key>target</key>
			<string>5C2896F41D93886000E07E54</string>
			<key>targetProxy</key>
			<string>5C2897011D93886000E07E54</string>
		</dict>
		<key>5C2897031D93886000E07E54</key>
		<dict>
			<key>fileRef</key>
			<string>5C2896F51D93886000E07E54</string>
			<key>isa</key>
			<string>PBXBuildFile</string>
			<key>settings</key>
			<dict>
				<key>ATTRIBUTES</key>
				<array>
					<string>RemoveHeadersOnCopy</string>
				</array>
			</dict>
		</dict>
		<key>5C2897041D93886000E07E54</key>
		<dict>
			<key>baseConfigurationReference</key>
			<string>7F2C8A55A6DA36E0C6C87A7E</string>
			<key>buildSettings</key>
			<dict>
				<key>CODE_SIGN_ENTITLEMENTS</key>
				<string>EasyTodoTodayExtenstion/EasyTodoTodayExtenstion.entitlements</string>
				<key>DEVELOPMENT_TEAM</key>
				<string>8TVU93GBNX</string>
				<key>INFOPLIST_FILE</key>
				<string>EasyTodoTodayExtenstion/Info.plist</string>
				<key>LD_RUNPATH_SEARCH_PATHS</key>
				<string>$(inherited) @executable_path/Frameworks @executable_path/../../Frameworks</string>
				<key>PRODUCT_BUNDLE_IDENTIFIER</key>
				<string>xyz.pwnlc.EasyTodo.EasyTodoTodayExtenstion</string>
				<key>PRODUCT_NAME</key>
				<string>$(TARGET_NAME)</string>
				<key>SKIP_INSTALL</key>
				<string>YES</string>
			</dict>
			<key>isa</key>
			<string>XCBuildConfiguration</string>
			<key>name</key>
			<string>Debug</string>
		</dict>
		<key>5C2897051D93886000E07E54</key>
		<dict>
			<key>baseConfigurationReference</key>
			<string>1F2FA52C4D1968175C7AE9AC</string>
			<key>buildSettings</key>
			<dict>
				<key>CODE_SIGN_ENTITLEMENTS</key>
				<string>EasyTodoTodayExtenstion/EasyTodoTodayExtenstion.entitlements</string>
				<key>DEVELOPMENT_TEAM</key>
				<string>8TVU93GBNX</string>
				<key>INFOPLIST_FILE</key>
				<string>EasyTodoTodayExtenstion/Info.plist</string>
				<key>LD_RUNPATH_SEARCH_PATHS</key>
				<string>$(inherited) @executable_path/Frameworks @executable_path/../../Frameworks</string>
				<key>PRODUCT_BUNDLE_IDENTIFIER</key>
				<string>xyz.pwnlc.EasyTodo.EasyTodoTodayExtenstion</string>
				<key>PRODUCT_NAME</key>
				<string>$(TARGET_NAME)</string>
				<key>SKIP_INSTALL</key>
				<string>YES</string>
			</dict>
			<key>isa</key>
			<string>XCBuildConfiguration</string>
			<key>name</key>
			<string>Release</string>
		</dict>
		<key>5C2897061D93886000E07E54</key>
		<dict>
			<key>buildConfigurations</key>
			<array>
				<string>5C2897041D93886000E07E54</string>
				<string>5C2897051D93886000E07E54</string>
			</array>
			<key>defaultConfigurationIsVisible</key>
			<string>0</string>
			<key>defaultConfigurationName</key>
			<string>Release</string>
			<key>isa</key>
			<string>XCConfigurationList</string>
		</dict>
		<key>5C2897071D93886000E07E54</key>
		<dict>
			<key>buildActionMask</key>
			<string>2147483647</string>
			<key>dstPath</key>
			<string></string>
			<key>dstSubfolderSpec</key>
			<string>13</string>
			<key>files</key>
			<array>
				<string>5C2897031D93886000E07E54</string>
			</array>
			<key>isa</key>
			<string>PBXCopyFilesBuildPhase</string>
			<key>name</key>
			<string>Embed App Extensions</string>
			<key>runOnlyForDeploymentPostprocessing</key>
			<string>0</string>
		</dict>
		<key>5C2897081D93899900E07E54</key>
		<dict>
			<key>isa</key>
			<string>PBXFileReference</string>
			<key>lastKnownFileType</key>
			<string>text.plist.entitlements</string>
			<key>path</key>
			<string>EasyTodo.entitlements</string>
			<key>sourceTree</key>
			<string>&lt;group&gt;</string>
		</dict>
		<key>5C2897091D938C2700E07E54</key>
		<dict>
			<key>isa</key>
			<string>PBXFileReference</string>
			<key>lastKnownFileType</key>
			<string>text.plist.entitlements</string>
			<key>path</key>
			<string>EasyTodoTodayExtenstion.entitlements</string>
			<key>sourceTree</key>
			<string>&lt;group&gt;</string>
		</dict>
		<key>5C3C15B31D8EBD2E004DBEEF</key>
		<dict>
			<key>children</key>
			<array>
				<string>5C9493221D8EB9FA002A7EB4</string>
				<string>5C9493231D8EB9FA002A7EB4</string>
				<string>5C3C15BE1D8EC04D004DBEEF</string>
				<string>5C3C15BF1D8EC04D004DBEEF</string>
				<string>5C7CB9DC1D92266400E26E8B</string>
			</array>
			<key>isa</key>
			<string>PBXGroup</string>
			<key>name</key>
			<string>Model</string>
			<key>sourceTree</key>
			<string>&lt;group&gt;</string>
		</dict>
		<key>5C3C15B41D8EBD37004DBEEF</key>
		<dict>
			<key>children</key>
			<array>
				<string>5C73857E1D8D07B20065CE41</string>
				<string>5C7385831D8D07B20065CE41</string>
			</array>
			<key>isa</key>
			<string>PBXGroup</string>
			<key>name</key>
			<string>View</string>
			<key>sourceTree</key>
			<string>&lt;group&gt;</string>
		</dict>
		<key>5C3C15B51D8EBD47004DBEEF</key>
		<dict>
			<key>children</key>
			<array>
				<string>5C73857B1D8D07B20065CE41</string>
				<string>5C73857C1D8D07B20065CE41</string>
			</array>
			<key>isa</key>
			<string>PBXGroup</string>
			<key>name</key>
			<string>ViewController</string>
			<key>sourceTree</key>
			<string>&lt;group&gt;</string>
		</dict>
		<key>5C3C15B61D8EBD55004DBEEF</key>
		<dict>
			<key>children</key>
			<array>
				<string>5C3C15BD1D8EBE38004DBEEF</string>
				<string>5C3C15BC1D8EBE31004DBEEF</string>
				<string>5C3C15BB1D8EBE29004DBEEF</string>
			</array>
			<key>isa</key>
			<string>PBXGroup</string>
			<key>name</key>
			<string>Expand</string>
			<key>sourceTree</key>
			<string>&lt;group&gt;</string>
		</dict>
		<key>5C3C15B71D8EBD63004DBEEF</key>
		<dict>
			<key>children</key>
			<array>
				<string>5C3C15BA1D8EBDAA004DBEEF</string>
				<string>5C3C15B91D8EBDA3004DBEEF</string>
			</array>
			<key>isa</key>
			<string>PBXGroup</string>
			<key>name</key>
			<string>Resource</string>
			<key>sourceTree</key>
			<string>&lt;group&gt;</string>
		</dict>
		<key>5C3C15B81D8EBD7C004DBEEF</key>
		<dict>
			<key>children</key>
			<array>
				<string>5C7385781D8D07B20065CE41</string>
				<string>5C7385791D8D07B20065CE41</string>
				<string>5C7385761D8D07B20065CE41</string>
			</array>
			<key>isa</key>
			<string>PBXGroup</string>
			<key>name</key>
			<string>Other</string>
			<key>sourceTree</key>
			<string>&lt;group&gt;</string>
		</dict>
		<key>5C3C15B91D8EBDA3004DBEEF</key>
		<dict>
			<key>children</key>
			<array>
				<string>5C7385811D8D07B20065CE41</string>
			</array>
			<key>isa</key>
			<string>PBXGroup</string>
			<key>name</key>
			<string>Image</string>
			<key>sourceTree</key>
			<string>&lt;group&gt;</string>
		</dict>
		<key>5C3C15BA1D8EBDAA004DBEEF</key>
		<dict>
			<key>children</key>
			<array>
				<string>5C7385861D8D07B20065CE41</string>
			</array>
			<key>isa</key>
			<string>PBXGroup</string>
			<key>name</key>
			<string>Plist</string>
			<key>sourceTree</key>
			<string>&lt;group&gt;</string>
		</dict>
		<key>5C3C15BB1D8EBE29004DBEEF</key>
		<dict>
			<key>children</key>
			<array>
				<string>5C51A2D71D8F8C7100FBF37A</string>
			</array>
			<key>isa</key>
			<string>PBXGroup</string>
			<key>name</key>
			<string>Macros</string>
			<key>sourceTree</key>
			<string>&lt;group&gt;</string>
		</dict>
		<key>5C3C15BC1D8EBE31004DBEEF</key>
		<dict>
			<key>children</key>
			<array>
				<string>5C3C15C11D8EC0BF004DBEEF</string>
				<string>5C3C15C21D8EC0BF004DBEEF</string>
			</array>
			<key>isa</key>
			<string>PBXGroup</string>
			<key>name</key>
			<string>Tool</string>
			<key>sourceTree</key>
			<string>&lt;group&gt;</string>
		</dict>
		<key>5C3C15BD1D8EBE38004DBEEF</key>
		<dict>
			<key>children</key>
			<array/>
			<key>isa</key>
			<string>PBXGroup</string>
			<key>name</key>
			<string>Network</string>
			<key>sourceTree</key>
			<string>&lt;group&gt;</string>
		</dict>
		<key>5C3C15BE1D8EC04D004DBEEF</key>
		<dict>
			<key>fileEncoding</key>
			<string>4</string>
			<key>isa</key>
			<string>PBXFileReference</string>
			<key>lastKnownFileType</key>
			<string>sourcecode.c.h</string>
			<key>path</key>
			<string>DoneItemGroup.h</string>
			<key>sourceTree</key>
			<string>&lt;group&gt;</string>
		</dict>
		<key>5C3C15BF1D8EC04D004DBEEF</key>
		<dict>
			<key>fileEncoding</key>
			<string>4</string>
			<key>isa</key>
			<string>PBXFileReference</string>
			<key>lastKnownFileType</key>
			<string>sourcecode.c.objc</string>
			<key>path</key>
			<string>DoneItemGroup.m</string>
			<key>sourceTree</key>
			<string>&lt;group&gt;</string>
		</dict>
		<key>5C3C15C01D8EC04D004DBEEF</key>
		<dict>
			<key>fileRef</key>
			<string>5C3C15BF1D8EC04D004DBEEF</string>
			<key>isa</key>
			<string>PBXBuildFile</string>
		</dict>
		<key>5C3C15C11D8EC0BF004DBEEF</key>
		<dict>
			<key>fileEncoding</key>
			<string>4</string>
			<key>isa</key>
			<string>PBXFileReference</string>
			<key>lastKnownFileType</key>
			<string>sourcecode.c.h</string>
			<key>path</key>
			<string>Util.h</string>
			<key>sourceTree</key>
			<string>&lt;group&gt;</string>
		</dict>
		<key>5C3C15C21D8EC0BF004DBEEF</key>
		<dict>
			<key>fileEncoding</key>
			<string>4</string>
			<key>isa</key>
			<string>PBXFileReference</string>
			<key>lastKnownFileType</key>
			<string>sourcecode.c.objc</string>
			<key>path</key>
			<string>Util.m</string>
			<key>sourceTree</key>
			<string>&lt;group&gt;</string>
		</dict>
		<key>5C3C15C31D8EC0BF004DBEEF</key>
		<dict>
			<key>fileRef</key>
			<string>5C3C15C21D8EC0BF004DBEEF</string>
			<key>isa</key>
			<string>PBXBuildFile</string>
		</dict>
		<key>5C3C15C41D8ED443004DBEEF</key>
		<dict>
			<key>fileEncoding</key>
			<string>4</string>
			<key>isa</key>
			<string>PBXFileReference</string>
			<key>lastKnownFileType</key>
			<string>sourcecode.c.h</string>
			<key>path</key>
			<string>TodoItemTableViewCell.h</string>
			<key>sourceTree</key>
			<string>&lt;group&gt;</string>
		</dict>
		<key>5C3C15C51D8ED443004DBEEF</key>
		<dict>
			<key>fileEncoding</key>
			<string>4</string>
			<key>isa</key>
			<string>PBXFileReference</string>
			<key>lastKnownFileType</key>
			<string>sourcecode.c.objc</string>
			<key>path</key>
			<string>TodoItemTableViewCell.m</string>
			<key>sourceTree</key>
			<string>&lt;group&gt;</string>
		</dict>
		<key>5C3C15C61D8ED443004DBEEF</key>
		<dict>
			<key>fileRef</key>
			<string>5C3C15C51D8ED443004DBEEF</string>
			<key>isa</key>
			<string>PBXBuildFile</string>
		</dict>
		<key>5C51A2D71D8F8C7100FBF37A</key>
		<dict>
			<key>fileEncoding</key>
			<string>4</string>
			<key>isa</key>
			<string>PBXFileReference</string>
			<key>lastKnownFileType</key>
			<string>sourcecode.c.h</string>
			<key>path</key>
			<string>MacroDefine.h</string>
			<key>sourceTree</key>
			<string>&lt;group&gt;</string>
		</dict>
		<key>5C7385691D8D07B10065CE41</key>
		<dict>
			<key>children</key>
			<array>
				<string>5C7385741D8D07B20065CE41</string>
				<string>5C7CB9E21D922BD900E26E8B</string>
				<string>5C2896F91D93886000E07E54</string>
				<string>5C2896F61D93886000E07E54</string>
				<string>5C7385731D8D07B20065CE41</string>
				<string>29D17F8DAD0882DE92630AC9</string>
			</array>
			<key>isa</key>
			<string>PBXGroup</string>
			<key>sourceTree</key>
			<string>&lt;group&gt;</string>
		</dict>
		<key>5C73856A1D8D07B10065CE41</key>
		<dict>
			<key>attributes</key>
			<dict>
				<key>LastUpgradeCheck</key>
				<string>0800</string>
				<key>ORGANIZATIONNAME</key>
				<string>xyz.pwnlc</string>
				<key>TargetAttributes</key>
				<dict>
					<key>5C2896F41D93886000E07E54</key>
					<dict>
						<key>CreatedOnToolsVersion</key>
						<string>8.0</string>
						<key>DevelopmentTeam</key>
						<string>8TVU93GBNX</string>
						<key>ProvisioningStyle</key>
						<string>Automatic</string>
						<key>SystemCapabilities</key>
						<dict>
							<key>com.apple.ApplicationGroups.iOS</key>
							<dict>
								<key>enabled</key>
								<string>1</string>
							</dict>
						</dict>
					</dict>
					<key>5C7385711D8D07B20065CE41</key>
					<dict>
						<key>CreatedOnToolsVersion</key>
						<string>8.0</string>
						<key>DevelopmentTeam</key>
						<string>8TVU93GBNX</string>
						<key>ProvisioningStyle</key>
						<string>Automatic</string>
						<key>SystemCapabilities</key>
						<dict>
							<key>com.apple.ApplicationGroups.iOS</key>
							<dict>
								<key>enabled</key>
								<string>1</string>
							</dict>
						</dict>
					</dict>
					<key>5C7CB9E01D922BD900E26E8B</key>
					<dict>
						<key>CreatedOnToolsVersion</key>
						<string>8.0</string>
						<key>DevelopmentTeam</key>
						<string>8TVU93GBNX</string>
						<key>ProvisioningStyle</key>
						<string>Automatic</string>
						<key>TestTargetID</key>
						<string>5C7385711D8D07B20065CE41</string>
					</dict>
				</dict>
			</dict>
			<key>buildConfigurationList</key>
			<string>5C73856D1D8D07B20065CE41</string>
			<key>compatibilityVersion</key>
			<string>Xcode 3.2</string>
			<key>developmentRegion</key>
			<string>English</string>
			<key>hasScannedForEncodings</key>
			<string>0</string>
			<key>isa</key>
			<string>PBXProject</string>
			<key>knownRegions</key>
			<array>
				<string>en</string>
				<string>Base</string>
			</array>
			<key>mainGroup</key>
			<string>5C7385691D8D07B10065CE41</string>
			<key>productRefGroup</key>
			<string>5C7385731D8D07B20065CE41</string>
			<key>projectDirPath</key>
			<string></string>
			<key>projectReferences</key>
			<array/>
			<key>projectRoot</key>
			<string></string>
			<key>targets</key>
			<array>
				<string>5C7385711D8D07B20065CE41</string>
				<string>5C7CB9E01D922BD900E26E8B</string>
				<string>5C2896F41D93886000E07E54</string>
			</array>
		</dict>
		<key>5C73856D1D8D07B20065CE41</key>
		<dict>
			<key>buildConfigurations</key>
			<array>
				<string>5C7385871D8D07B20065CE41</string>
				<string>5C7385881D8D07B20065CE41</string>
			</array>
			<key>defaultConfigurationIsVisible</key>
			<string>0</string>
			<key>defaultConfigurationName</key>
			<string>Release</string>
			<key>isa</key>
			<string>XCConfigurationList</string>
		</dict>
		<key>5C73856E1D8D07B20065CE41</key>
		<dict>
			<key>buildActionMask</key>
			<string>2147483647</string>
			<key>files</key>
			<array>
				<string>5C73857D1D8D07B20065CE41</string>
				<string>5C73857A1D8D07B20065CE41</string>
				<string>5C3C15C01D8EC04D004DBEEF</string>
				<string>5C9493241D8EB9FA002A7EB4</string>
				<string>5C3C15C61D8ED443004DBEEF</string>
				<string>5C7385771D8D07B20065CE41</string>
				<string>5C3C15C31D8EC0BF004DBEEF</string>
			</array>
			<key>isa</key>
			<string>PBXSourcesBuildPhase</string>
			<key>runOnlyForDeploymentPostprocessing</key>
			<string>0</string>
		</dict>
		<key>5C73856F1D8D07B20065CE41</key>
		<dict>
			<key>buildActionMask</key>
			<string>2147483647</string>
			<key>files</key>
			<array>
				<string>EC772AA6C6CD917B0FE6C1CE</string>
			</array>
			<key>isa</key>
			<string>PBXFrameworksBuildPhase</string>
			<key>runOnlyForDeploymentPostprocessing</key>
			<string>0</string>
		</dict>
		<key>5C7385701D8D07B20065CE41</key>
		<dict>
			<key>buildActionMask</key>
			<string>2147483647</string>
			<key>files</key>
			<array>
				<string>5C7385851D8D07B20065CE41</string>
				<string>5C7385821D8D07B20065CE41</string>
				<string>5C7385801D8D07B20065CE41</string>
			</array>
			<key>isa</key>
			<string>PBXResourcesBuildPhase</string>
			<key>runOnlyForDeploymentPostprocessing</key>
			<string>0</string>
		</dict>
		<key>5C7385711D8D07B20065CE41</key>
		<dict>
			<key>buildConfigurationList</key>
			<string>5C7385891D8D07B20065CE41</string>
			<key>buildPhases</key>
			<array>
				<string>4489568ACEA467906EC1C293</string>
				<string>5C73856E1D8D07B20065CE41</string>
				<string>5C73856F1D8D07B20065CE41</string>
				<string>5C7385701D8D07B20065CE41</string>
				<string>5C2897071D93886000E07E54</string>
				<string>A46FD5B24B058655805203A0</string>
				<string>68B4015976B0E70DE68EC4CB</string>
			</array>
			<key>buildRules</key>
			<array/>
			<key>dependencies</key>
			<array>
				<string>5C2897021D93886000E07E54</string>
			</array>
			<key>isa</key>
			<string>PBXNativeTarget</string>
			<key>name</key>
			<string>EasyTodo</string>
			<key>productName</key>
			<string>EasyTodo</string>
			<key>productReference</key>
			<string>5C7385721D8D07B20065CE41</string>
			<key>productType</key>
			<string>com.apple.product-type.application</string>
		</dict>
		<key>5C7385721D8D07B20065CE41</key>
		<dict>
			<key>explicitFileType</key>
			<string>wrapper.application</string>
			<key>includeInIndex</key>
			<string>0</string>
			<key>isa</key>
			<string>PBXFileReference</string>
			<key>path</key>
			<string>EasyTodo.app</string>
			<key>sourceTree</key>
			<string>BUILT_PRODUCTS_DIR</string>
		</dict>
		<key>5C7385731D8D07B20065CE41</key>
		<dict>
			<key>children</key>
			<array>
				<string>5C7385721D8D07B20065CE41</string>
				<string>5C7CB9E11D922BD900E26E8B</string>
				<string>5C2896F51D93886000E07E54</string>
			</array>
			<key>isa</key>
			<string>PBXGroup</string>
			<key>name</key>
			<string>Products</string>
			<key>sourceTree</key>
			<string>&lt;group&gt;</string>
		</dict>
		<key>5C7385741D8D07B20065CE41</key>
		<dict>
			<key>children</key>
			<array>
				<string>5C2897081D93899900E07E54</string>
				<string>5C3C15B31D8EBD2E004DBEEF</string>
				<string>5C3C15B41D8EBD37004DBEEF</string>
				<string>5C3C15B51D8EBD47004DBEEF</string>
				<string>5C3C15B61D8EBD55004DBEEF</string>
				<string>5C3C15B71D8EBD63004DBEEF</string>
				<string>5C3C15B81D8EBD7C004DBEEF</string>
			</array>
			<key>isa</key>
			<string>PBXGroup</string>
			<key>path</key>
			<string>EasyTodo</string>
			<key>sourceTree</key>
			<string>&lt;group&gt;</string>
		</dict>
		<key>5C7385761D8D07B20065CE41</key>
		<dict>
			<key>isa</key>
			<string>PBXFileReference</string>
			<key>lastKnownFileType</key>
			<string>sourcecode.c.objc</string>
			<key>path</key>
			<string>main.m</string>
			<key>sourceTree</key>
			<string>&lt;group&gt;</string>
		</dict>
		<key>5C7385771D8D07B20065CE41</key>
		<dict>
			<key>fileRef</key>
			<string>5C7385761D8D07B20065CE41</string>
			<key>isa</key>
			<string>PBXBuildFile</string>
		</dict>
		<key>5C7385781D8D07B20065CE41</key>
		<dict>
			<key>isa</key>
			<string>PBXFileReference</string>
			<key>lastKnownFileType</key>
			<string>sourcecode.c.h</string>
			<key>path</key>
			<string>AppDelegate.h</string>
			<key>sourceTree</key>
			<string>&lt;group&gt;</string>
		</dict>
		<key>5C7385791D8D07B20065CE41</key>
		<dict>
			<key>isa</key>
			<string>PBXFileReference</string>
			<key>lastKnownFileType</key>
			<string>sourcecode.c.objc</string>
			<key>path</key>
			<string>AppDelegate.m</string>
			<key>sourceTree</key>
			<string>&lt;group&gt;</string>
		</dict>
		<key>5C73857A1D8D07B20065CE41</key>
		<dict>
			<key>fileRef</key>
			<string>5C7385791D8D07B20065CE41</string>
			<key>isa</key>
			<string>PBXBuildFile</string>
		</dict>
		<key>5C73857B1D8D07B20065CE41</key>
		<dict>
			<key>isa</key>
			<string>PBXFileReference</string>
			<key>lastKnownFileType</key>
			<string>sourcecode.c.h</string>
			<key>path</key>
			<string>ViewController.h</string>
			<key>sourceTree</key>
			<string>&lt;group&gt;</string>
		</dict>
		<key>5C73857C1D8D07B20065CE41</key>
		<dict>
			<key>isa</key>
			<string>PBXFileReference</string>
			<key>lastKnownFileType</key>
			<string>sourcecode.c.objc</string>
			<key>path</key>
			<string>ViewController.m</string>
			<key>sourceTree</key>
			<string>&lt;group&gt;</string>
		</dict>
		<key>5C73857D1D8D07B20065CE41</key>
		<dict>
			<key>fileRef</key>
			<string>5C73857C1D8D07B20065CE41</string>
			<key>isa</key>
			<string>PBXBuildFile</string>
		</dict>
		<key>5C73857E1D8D07B20065CE41</key>
		<dict>
			<key>children</key>
			<array>
				<string>5C73857F1D8D07B20065CE41</string>
			</array>
			<key>isa</key>
			<string>PBXVariantGroup</string>
			<key>name</key>
			<string>Main.storyboard</string>
			<key>sourceTree</key>
			<string>&lt;group&gt;</string>
		</dict>
		<key>5C73857F1D8D07B20065CE41</key>
		<dict>
			<key>isa</key>
			<string>PBXFileReference</string>
			<key>lastKnownFileType</key>
			<string>file.storyboard</string>
			<key>name</key>
			<string>Base</string>
			<key>path</key>
			<string>Base.lproj/Main.storyboard</string>
			<key>sourceTree</key>
			<string>&lt;group&gt;</string>
		</dict>
		<key>5C7385801D8D07B20065CE41</key>
		<dict>
			<key>fileRef</key>
			<string>5C73857E1D8D07B20065CE41</string>
			<key>isa</key>
			<string>PBXBuildFile</string>
		</dict>
		<key>5C7385811D8D07B20065CE41</key>
		<dict>
			<key>isa</key>
			<string>PBXFileReference</string>
			<key>lastKnownFileType</key>
			<string>folder.assetcatalog</string>
			<key>path</key>
			<string>Assets.xcassets</string>
			<key>sourceTree</key>
			<string>&lt;group&gt;</string>
		</dict>
		<key>5C7385821D8D07B20065CE41</key>
		<dict>
			<key>fileRef</key>
			<string>5C7385811D8D07B20065CE41</string>
			<key>isa</key>
			<string>PBXBuildFile</string>
		</dict>
		<key>5C7385831D8D07B20065CE41</key>
		<dict>
			<key>children</key>
			<array>
				<string>5C7385841D8D07B20065CE41</string>
			</array>
			<key>isa</key>
			<string>PBXVariantGroup</string>
			<key>name</key>
			<string>LaunchScreen.storyboard</string>
			<key>sourceTree</key>
			<string>&lt;group&gt;</string>
		</dict>
		<key>5C7385841D8D07B20065CE41</key>
		<dict>
			<key>isa</key>
			<string>PBXFileReference</string>
			<key>lastKnownFileType</key>
			<string>file.storyboard</string>
			<key>name</key>
			<string>Base</string>
			<key>path</key>
			<string>Base.lproj/LaunchScreen.storyboard</string>
			<key>sourceTree</key>
			<string>&lt;group&gt;</string>
		</dict>
		<key>5C7385851D8D07B20065CE41</key>
		<dict>
			<key>fileRef</key>
			<string>5C7385831D8D07B20065CE41</string>
			<key>isa</key>
			<string>PBXBuildFile</string>
		</dict>
		<key>5C7385861D8D07B20065CE41</key>
		<dict>
			<key>isa</key>
			<string>PBXFileReference</string>
			<key>lastKnownFileType</key>
			<string>text.plist.xml</string>
			<key>path</key>
			<string>Info.plist</string>
			<key>sourceTree</key>
			<string>&lt;group&gt;</string>
		</dict>
		<key>5C7385871D8D07B20065CE41</key>
		<dict>
			<key>buildSettings</key>
			<dict>
				<key>ALWAYS_SEARCH_USER_PATHS</key>
				<string>NO</string>
				<key>CLANG_ANALYZER_NONNULL</key>
				<string>YES</string>
				<key>CLANG_CXX_LANGUAGE_STANDARD</key>
				<string>gnu++0x</string>
				<key>CLANG_CXX_LIBRARY</key>
				<string>libc++</string>
				<key>CLANG_ENABLE_MODULES</key>
				<string>YES</string>
				<key>CLANG_ENABLE_OBJC_ARC</key>
				<string>YES</string>
				<key>CLANG_WARN_BOOL_CONVERSION</key>
				<string>YES</string>
				<key>CLANG_WARN_CONSTANT_CONVERSION</key>
				<string>YES</string>
				<key>CLANG_WARN_DIRECT_OBJC_ISA_USAGE</key>
				<string>YES_ERROR</string>
				<key>CLANG_WARN_DOCUMENTATION_COMMENTS</key>
				<string>YES</string>
				<key>CLANG_WARN_EMPTY_BODY</key>
				<string>YES</string>
				<key>CLANG_WARN_ENUM_CONVERSION</key>
				<string>YES</string>
				<key>CLANG_WARN_INFINITE_RECURSION</key>
				<string>YES</string>
				<key>CLANG_WARN_INT_CONVERSION</key>
				<string>YES</string>
				<key>CLANG_WARN_OBJC_ROOT_CLASS</key>
				<string>YES_ERROR</string>
				<key>CLANG_WARN_SUSPICIOUS_MOVES</key>
				<string>YES</string>
				<key>CLANG_WARN_UNREACHABLE_CODE</key>
				<string>YES</string>
				<key>CLANG_WARN__DUPLICATE_METHOD_MATCH</key>
				<string>YES</string>
				<key>CODE_SIGN_IDENTITY[sdk=iphoneos*]</key>
				<string>iPhone Developer</string>
				<key>COPY_PHASE_STRIP</key>
				<string>NO</string>
				<key>DEBUG_INFORMATION_FORMAT</key>
				<string>dwarf</string>
				<key>ENABLE_STRICT_OBJC_MSGSEND</key>
				<string>YES</string>
				<key>ENABLE_TESTABILITY</key>
				<string>YES</string>
				<key>GCC_C_LANGUAGE_STANDARD</key>
				<string>gnu99</string>
				<key>GCC_DYNAMIC_NO_PIC</key>
				<string>NO</string>
				<key>GCC_NO_COMMON_BLOCKS</key>
				<string>YES</string>
				<key>GCC_OPTIMIZATION_LEVEL</key>
				<string>0</string>
				<key>GCC_PREPROCESSOR_DEFINITIONS</key>
				<array>
					<string>DEBUG=1</string>
					<string>$(inherited)</string>
				</array>
				<key>GCC_WARN_64_TO_32_BIT_CONVERSION</key>
				<string>YES</string>
				<key>GCC_WARN_ABOUT_RETURN_TYPE</key>
				<string>YES_ERROR</string>
				<key>GCC_WARN_UNDECLARED_SELECTOR</key>
				<string>YES</string>
				<key>GCC_WARN_UNINITIALIZED_AUTOS</key>
				<string>YES_AGGRESSIVE</string>
				<key>GCC_WARN_UNUSED_FUNCTION</key>
				<string>YES</string>
				<key>GCC_WARN_UNUSED_VARIABLE</key>
				<string>YES</string>
				<key>IPHONEOS_DEPLOYMENT_TARGET</key>
				<string>10.0</string>
				<key>MTL_ENABLE_DEBUG_INFO</key>
				<string>YES</string>
				<key>ONLY_ACTIVE_ARCH</key>
				<string>YES</string>
				<key>SDKROOT</key>
				<string>iphoneos</string>
			</dict>
			<key>isa</key>
			<string>XCBuildConfiguration</string>
			<key>name</key>
			<string>Debug</string>
		</dict>
		<key>5C7385881D8D07B20065CE41</key>
		<dict>
			<key>buildSettings</key>
			<dict>
				<key>ALWAYS_SEARCH_USER_PATHS</key>
				<string>NO</string>
				<key>CLANG_ANALYZER_NONNULL</key>
				<string>YES</string>
				<key>CLANG_CXX_LANGUAGE_STANDARD</key>
				<string>gnu++0x</string>
				<key>CLANG_CXX_LIBRARY</key>
				<string>libc++</string>
				<key>CLANG_ENABLE_MODULES</key>
				<string>YES</string>
				<key>CLANG_ENABLE_OBJC_ARC</key>
				<string>YES</string>
				<key>CLANG_WARN_BOOL_CONVERSION</key>
				<string>YES</string>
				<key>CLANG_WARN_CONSTANT_CONVERSION</key>
				<string>YES</string>
				<key>CLANG_WARN_DIRECT_OBJC_ISA_USAGE</key>
				<string>YES_ERROR</string>
				<key>CLANG_WARN_DOCUMENTATION_COMMENTS</key>
				<string>YES</string>
				<key>CLANG_WARN_EMPTY_BODY</key>
				<string>YES</string>
				<key>CLANG_WARN_ENUM_CONVERSION</key>
				<string>YES</string>
				<key>CLANG_WARN_INFINITE_RECURSION</key>
				<string>YES</string>
				<key>CLANG_WARN_INT_CONVERSION</key>
				<string>YES</string>
				<key>CLANG_WARN_OBJC_ROOT_CLASS</key>
				<string>YES_ERROR</string>
				<key>CLANG_WARN_SUSPICIOUS_MOVES</key>
				<string>YES</string>
				<key>CLANG_WARN_UNREACHABLE_CODE</key>
				<string>YES</string>
				<key>CLANG_WARN__DUPLICATE_METHOD_MATCH</key>
				<string>YES</string>
				<key>CODE_SIGN_IDENTITY[sdk=iphoneos*]</key>
				<string>iPhone Developer</string>
				<key>COPY_PHASE_STRIP</key>
				<string>NO</string>
				<key>DEBUG_INFORMATION_FORMAT</key>
				<string>dwarf-with-dsym</string>
				<key>ENABLE_NS_ASSERTIONS</key>
				<string>NO</string>
				<key>ENABLE_STRICT_OBJC_MSGSEND</key>
				<string>YES</string>
				<key>GCC_C_LANGUAGE_STANDARD</key>
				<string>gnu99</string>
				<key>GCC_NO_COMMON_BLOCKS</key>
				<string>YES</string>
				<key>GCC_WARN_64_TO_32_BIT_CONVERSION</key>
				<string>YES</string>
				<key>GCC_WARN_ABOUT_RETURN_TYPE</key>
				<string>YES_ERROR</string>
				<key>GCC_WARN_UNDECLARED_SELECTOR</key>
				<string>YES</string>
				<key>GCC_WARN_UNINITIALIZED_AUTOS</key>
				<string>YES_AGGRESSIVE</string>
				<key>GCC_WARN_UNUSED_FUNCTION</key>
				<string>YES</string>
				<key>GCC_WARN_UNUSED_VARIABLE</key>
				<string>YES</string>
				<key>IPHONEOS_DEPLOYMENT_TARGET</key>
				<string>10.0</string>
				<key>MTL_ENABLE_DEBUG_INFO</key>
				<string>NO</string>
				<key>SDKROOT</key>
				<string>iphoneos</string>
				<key>VALIDATE_PRODUCT</key>
				<string>YES</string>
			</dict>
			<key>isa</key>
			<string>XCBuildConfiguration</string>
			<key>name</key>
			<string>Release</string>
		</dict>
		<key>5C7385891D8D07B20065CE41</key>
		<dict>
			<key>buildConfigurations</key>
			<array>
				<string>5C73858A1D8D07B20065CE41</string>
				<string>5C73858B1D8D07B20065CE41</string>
			</array>
			<key>defaultConfigurationIsVisible</key>
			<string>0</string>
			<key>defaultConfigurationName</key>
			<string>Release</string>
			<key>isa</key>
			<string>XCConfigurationList</string>
		</dict>
		<key>5C73858A1D8D07B20065CE41</key>
		<dict>
			<key>baseConfigurationReference</key>
			<string>C24BBA64E2E76ABE61B3E854</string>
			<key>buildSettings</key>
			<dict>
				<key>ASSETCATALOG_COMPILER_APPICON_NAME</key>
				<string>AppIcon</string>
				<key>CODE_SIGN_ENTITLEMENTS</key>
				<string>EasyTodo/EasyTodo.entitlements</string>
				<key>DEVELOPMENT_TEAM</key>
				<string>8TVU93GBNX</string>
				<key>INFOPLIST_FILE</key>
				<string>EasyTodo/Info.plist</string>
				<key>IPHONEOS_DEPLOYMENT_TARGET</key>
				<string>8.0</string>
				<key>LD_RUNPATH_SEARCH_PATHS</key>
				<string>$(inherited) @executable_path/Frameworks</string>
				<key>PRODUCT_BUNDLE_IDENTIFIER</key>
				<string>xyz.pwnlc.EasyTodo</string>
				<key>PRODUCT_NAME</key>
				<string>$(TARGET_NAME)</string>
			</dict>
			<key>isa</key>
			<string>XCBuildConfiguration</string>
			<key>name</key>
			<string>Debug</string>
		</dict>
		<key>5C73858B1D8D07B20065CE41</key>
		<dict>
			<key>baseConfigurationReference</key>
			<string>E2AD83C08B57EE991B13E213</string>
			<key>buildSettings</key>
			<dict>
				<key>ASSETCATALOG_COMPILER_APPICON_NAME</key>
				<string>AppIcon</string>
				<key>CODE_SIGN_ENTITLEMENTS</key>
				<string>EasyTodo/EasyTodo.entitlements</string>
				<key>DEVELOPMENT_TEAM</key>
				<string>8TVU93GBNX</string>
				<key>INFOPLIST_FILE</key>
				<string>EasyTodo/Info.plist</string>
				<key>IPHONEOS_DEPLOYMENT_TARGET</key>
				<string>8.0</string>
				<key>LD_RUNPATH_SEARCH_PATHS</key>
				<string>$(inherited) @executable_path/Frameworks</string>
				<key>PRODUCT_BUNDLE_IDENTIFIER</key>
				<string>xyz.pwnlc.EasyTodo</string>
				<key>PRODUCT_NAME</key>
				<string>$(TARGET_NAME)</string>
			</dict>
			<key>isa</key>
			<string>XCBuildConfiguration</string>
			<key>name</key>
			<string>Release</string>
		</dict>
		<key>5C7CB9DC1D92266400E26E8B</key>
		<dict>
			<key>children</key>
			<array>
				<string>5C3C15C41D8ED443004DBEEF</string>
				<string>5C3C15C51D8ED443004DBEEF</string>
			</array>
			<key>isa</key>
			<string>PBXGroup</string>
			<key>name</key>
			<string>Cell</string>
			<key>sourceTree</key>
			<string>&lt;group&gt;</string>
		</dict>
		<key>5C7CB9DD1D922BD900E26E8B</key>
		<dict>
			<key>buildActionMask</key>
			<string>2147483647</string>
			<key>files</key>
			<array>
				<string>5C7CB9E41D922BD900E26E8B</string>
			</array>
			<key>isa</key>
			<string>PBXSourcesBuildPhase</string>
			<key>runOnlyForDeploymentPostprocessing</key>
			<string>0</string>
		</dict>
		<key>5C7CB9DE1D922BD900E26E8B</key>
		<dict>
			<key>buildActionMask</key>
			<string>2147483647</string>
			<key>files</key>
			<array>
				<string>F2A0BE1A61467DD8EB0B5BDA</string>
			</array>
			<key>isa</key>
			<string>PBXFrameworksBuildPhase</string>
			<key>runOnlyForDeploymentPostprocessing</key>
			<string>0</string>
		</dict>
		<key>5C7CB9DF1D922BD900E26E8B</key>
		<dict>
			<key>buildActionMask</key>
			<string>2147483647</string>
			<key>files</key>
			<array/>
			<key>isa</key>
			<string>PBXResourcesBuildPhase</string>
			<key>runOnlyForDeploymentPostprocessing</key>
			<string>0</string>
		</dict>
		<key>5C7CB9E01D922BD900E26E8B</key>
		<dict>
			<key>buildConfigurationList</key>
			<string>5C7CB9EA1D922BD900E26E8B</string>
			<key>buildPhases</key>
			<array>
				<string>5A3689D46F5610E748977BA1</string>
				<string>5C7CB9DD1D922BD900E26E8B</string>
				<string>5C7CB9DE1D922BD900E26E8B</string>
				<string>5C7CB9DF1D922BD900E26E8B</string>
				<string>899F68B96CB1E866D88AC4CC</string>
				<string>8B2530DEF467AC07CD89F74F</string>
			</array>
			<key>buildRules</key>
			<array/>
			<key>dependencies</key>
			<array>
				<string>5C7CB9E71D922BD900E26E8B</string>
			</array>
			<key>isa</key>
			<string>PBXNativeTarget</string>
			<key>name</key>
			<string>EasyTodoTests</string>
			<key>productName</key>
			<string>EasyTodoTests</string>
			<key>productReference</key>
			<string>5C7CB9E11D922BD900E26E8B</string>
			<key>productType</key>
			<string>com.apple.product-type.bundle.unit-test</string>
		</dict>
		<key>5C7CB9E11D922BD900E26E8B</key>
		<dict>
			<key>explicitFileType</key>
			<string>wrapper.cfbundle</string>
			<key>includeInIndex</key>
			<string>0</string>
			<key>isa</key>
			<string>PBXFileReference</string>
			<key>path</key>
			<string>EasyTodoTests.xctest</string>
			<key>sourceTree</key>
			<string>BUILT_PRODUCTS_DIR</string>
		</dict>
		<key>5C7CB9E21D922BD900E26E8B</key>
		<dict>
			<key>children</key>
			<array>
				<string>5C7CB9E31D922BD900E26E8B</string>
				<string>5C7CB9E51D922BD900E26E8B</string>
			</array>
			<key>isa</key>
			<string>PBXGroup</string>
			<key>path</key>
			<string>EasyTodoTests</string>
			<key>sourceTree</key>
			<string>&lt;group&gt;</string>
		</dict>
		<key>5C7CB9E31D922BD900E26E8B</key>
		<dict>
			<key>isa</key>
			<string>PBXFileReference</string>
			<key>lastKnownFileType</key>
			<string>sourcecode.c.objc</string>
			<key>path</key>
			<string>EasyTodoTests.m</string>
			<key>sourceTree</key>
			<string>&lt;group&gt;</string>
		</dict>
		<key>5C7CB9E41D922BD900E26E8B</key>
		<dict>
			<key>fileRef</key>
			<string>5C7CB9E31D922BD900E26E8B</string>
			<key>isa</key>
			<string>PBXBuildFile</string>
		</dict>
		<key>5C7CB9E51D922BD900E26E8B</key>
		<dict>
			<key>isa</key>
			<string>PBXFileReference</string>
			<key>lastKnownFileType</key>
			<string>text.plist.xml</string>
			<key>path</key>
			<string>Info.plist</string>
			<key>sourceTree</key>
			<string>&lt;group&gt;</string>
		</dict>
		<key>5C7CB9E61D922BD900E26E8B</key>
		<dict>
			<key>containerPortal</key>
			<string>5C73856A1D8D07B10065CE41</string>
			<key>isa</key>
			<string>PBXContainerItemProxy</string>
			<key>proxyType</key>
			<string>1</string>
			<key>remoteGlobalIDString</key>
			<string>5C7385711D8D07B20065CE41</string>
			<key>remoteInfo</key>
			<string>EasyTodo</string>
		</dict>
		<key>5C7CB9E71D922BD900E26E8B</key>
		<dict>
			<key>isa</key>
			<string>PBXTargetDependency</string>
			<key>target</key>
			<string>5C7385711D8D07B20065CE41</string>
			<key>targetProxy</key>
			<string>5C7CB9E61D922BD900E26E8B</string>
		</dict>
		<key>5C7CB9E81D922BD900E26E8B</key>
		<dict>
			<key>baseConfigurationReference</key>
			<string>79525DEEF1DDD91029F4EABD</string>
			<key>buildSettings</key>
			<dict>
				<key>BUNDLE_LOADER</key>
				<string>$(TEST_HOST)</string>
				<key>DEVELOPMENT_TEAM</key>
				<string>8TVU93GBNX</string>
				<key>INFOPLIST_FILE</key>
				<string>EasyTodoTests/Info.plist</string>
				<key>LD_RUNPATH_SEARCH_PATHS</key>
				<string>$(inherited) @executable_path/Frameworks @loader_path/Frameworks</string>
				<key>PRODUCT_BUNDLE_IDENTIFIER</key>
				<string>xyz.amute.EasyTodoTests</string>
				<key>PRODUCT_NAME</key>
				<string>$(TARGET_NAME)</string>
				<key>TEST_HOST</key>
				<string>$(BUILT_PRODUCTS_DIR)/EasyTodo.app/EasyTodo</string>
			</dict>
			<key>isa</key>
			<string>XCBuildConfiguration</string>
			<key>name</key>
			<string>Debug</string>
		</dict>
		<key>5C7CB9E91D922BD900E26E8B</key>
		<dict>
			<key>baseConfigurationReference</key>
			<string>F0D9A674E9E12706956D209C</string>
			<key>buildSettings</key>
			<dict>
				<key>BUNDLE_LOADER</key>
				<string>$(TEST_HOST)</string>
				<key>DEVELOPMENT_TEAM</key>
				<string>8TVU93GBNX</string>
				<key>INFOPLIST_FILE</key>
				<string>EasyTodoTests/Info.plist</string>
				<key>LD_RUNPATH_SEARCH_PATHS</key>
				<string>$(inherited) @executable_path/Frameworks @loader_path/Frameworks</string>
				<key>PRODUCT_BUNDLE_IDENTIFIER</key>
				<string>xyz.amute.EasyTodoTests</string>
				<key>PRODUCT_NAME</key>
				<string>$(TARGET_NAME)</string>
				<key>TEST_HOST</key>
				<string>$(BUILT_PRODUCTS_DIR)/EasyTodo.app/EasyTodo</string>
			</dict>
			<key>isa</key>
			<string>XCBuildConfiguration</string>
			<key>name</key>
			<string>Release</string>
		</dict>
		<key>5C7CB9EA1D922BD900E26E8B</key>
		<dict>
			<key>buildConfigurations</key>
			<array>
				<string>5C7CB9E81D922BD900E26E8B</string>
				<string>5C7CB9E91D922BD900E26E8B</string>
			</array>
			<key>defaultConfigurationIsVisible</key>
			<string>0</string>
			<key>defaultConfigurationName</key>
			<string>Release</string>
			<key>isa</key>
			<string>XCConfigurationList</string>
		</dict>
		<key>5C9493221D8EB9FA002A7EB4</key>
		<dict>
			<key>fileEncoding</key>
			<string>4</string>
			<key>isa</key>
			<string>PBXFileReference</string>
			<key>lastKnownFileType</key>
			<string>sourcecode.c.h</string>
			<key>path</key>
			<string>TodoItem.h</string>
			<key>sourceTree</key>
			<string>&lt;group&gt;</string>
		</dict>
		<key>5C9493231D8EB9FA002A7EB4</key>
		<dict>
			<key>fileEncoding</key>
			<string>4</string>
			<key>isa</key>
			<string>PBXFileReference</string>
			<key>lastKnownFileType</key>
			<string>sourcecode.c.objc</string>
			<key>path</key>
			<string>TodoItem.m</string>
			<key>sourceTree</key>
			<string>&lt;group&gt;</string>
		</dict>
		<key>5C9493241D8EB9FA002A7EB4</key>
		<dict>
			<key>fileRef</key>
			<string>5C9493231D8EB9FA002A7EB4</string>
			<key>isa</key>
			<string>PBXBuildFile</string>
		</dict>
		<key>68B4015976B0E70DE68EC4CB</key>
		<dict>
			<key>buildActionMask</key>
			<string>2147483647</string>
			<key>files</key>
			<array/>
			<key>inputPaths</key>
			<array/>
			<key>isa</key>
			<string>PBXShellScriptBuildPhase</string>
			<key>name</key>
			<string>Copy Pods Resources</string>
			<key>outputPaths</key>
			<array/>
			<key>runOnlyForDeploymentPostprocessing</key>
			<string>0</string>
			<key>shellPath</key>
			<string>/bin/sh</string>
			<key>shellScript</key>
			<string>"${SRCROOT}/Pods/Target Support Files/Pods-EasyTodo/Pods-EasyTodo-resources.sh"
</string>
			<key>showEnvVarsInLog</key>
			<string>0</string>
		</dict>
		<key>74F93A18C4CE1C243B857D47</key>
		<dict>
			<key>explicitFileType</key>
			<string>archive.ar</string>
			<key>includeInIndex</key>
			<string>0</string>
			<key>isa</key>
			<string>PBXFileReference</string>
			<key>path</key>
			<string>libPods-EasyTodoTodayExtenstion.a</string>
			<key>sourceTree</key>
			<string>BUILT_PRODUCTS_DIR</string>
		</dict>
		<key>79525DEEF1DDD91029F4EABD</key>
		<dict>
			<key>includeInIndex</key>
			<string>1</string>
			<key>isa</key>
			<string>PBXFileReference</string>
			<key>lastKnownFileType</key>
			<string>text.xcconfig</string>
			<key>name</key>
			<string>Pods-EasyTodoTests.debug.xcconfig</string>
			<key>path</key>
			<string>Pods/Target Support Files/Pods-EasyTodoTests/Pods-EasyTodoTests.debug.xcconfig</string>
			<key>sourceTree</key>
			<string>&lt;group&gt;</string>
		</dict>
		<key>7F2C8A55A6DA36E0C6C87A7E</key>
		<dict>
			<key>includeInIndex</key>
			<string>1</string>
			<key>isa</key>
			<string>PBXFileReference</string>
			<key>lastKnownFileType</key>
			<string>text.xcconfig</string>
			<key>name</key>
			<string>Pods-EasyTodoTodayExtenstion.debug.xcconfig</string>
			<key>path</key>
			<string>Pods/Target Support Files/Pods-EasyTodoTodayExtenstion/Pods-EasyTodoTodayExtenstion.debug.xcconfig</string>
			<key>sourceTree</key>
			<string>&lt;group&gt;</string>
		</dict>
		<key>899F68B96CB1E866D88AC4CC</key>
		<dict>
			<key>buildActionMask</key>
			<string>2147483647</string>
			<key>files</key>
			<array/>
			<key>inputPaths</key>
			<array/>
			<key>isa</key>
			<string>PBXShellScriptBuildPhase</string>
			<key>name</key>
			<string>Embed Pods Frameworks</string>
			<key>outputPaths</key>
			<array/>
			<key>runOnlyForDeploymentPostprocessing</key>
			<string>0</string>
			<key>shellPath</key>
			<string>/bin/sh</string>
			<key>shellScript</key>
			<string>"${SRCROOT}/Pods/Target Support Files/Pods-EasyTodoTests/Pods-EasyTodoTests-frameworks.sh"
</string>
			<key>showEnvVarsInLog</key>
			<string>0</string>
		</dict>
		<key>8B2530DEF467AC07CD89F74F</key>
		<dict>
			<key>buildActionMask</key>
			<string>2147483647</string>
			<key>files</key>
			<array/>
			<key>inputPaths</key>
			<array/>
			<key>isa</key>
			<string>PBXShellScriptBuildPhase</string>
			<key>name</key>
			<string>Copy Pods Resources</string>
			<key>outputPaths</key>
			<array/>
			<key>runOnlyForDeploymentPostprocessing</key>
			<string>0</string>
			<key>shellPath</key>
			<string>/bin/sh</string>
			<key>shellScript</key>
			<string>"${SRCROOT}/Pods/Target Support Files/Pods-EasyTodoTests/Pods-EasyTodoTests-resources.sh"
</string>
			<key>showEnvVarsInLog</key>
			<string>0</string>
		</dict>
		<key>A46FD5B24B058655805203A0</key>
		<dict>
			<key>buildActionMask</key>
			<string>2147483647</string>
			<key>files</key>
			<array/>
			<key>inputPaths</key>
			<array/>
			<key>isa</key>
			<string>PBXShellScriptBuildPhase</string>
			<key>name</key>
			<string>Embed Pods Frameworks</string>
			<key>outputPaths</key>
			<array/>
			<key>runOnlyForDeploymentPostprocessing</key>
			<string>0</string>
			<key>shellPath</key>
			<string>/bin/sh</string>
			<key>shellScript</key>
			<string>"${SRCROOT}/Pods/Target Support Files/Pods-EasyTodo/Pods-EasyTodo-frameworks.sh"
</string>
			<key>showEnvVarsInLog</key>
			<string>0</string>
		</dict>
		<key>B593825D2A6F0659FF85A508</key>
		<dict>
			<key>buildActionMask</key>
			<string>2147483647</string>
			<key>files</key>
			<array/>
			<key>inputPaths</key>
			<array/>
			<key>isa</key>
			<string>PBXShellScriptBuildPhase</string>
			<key>name</key>
			<string>Copy Pods Resources</string>
			<key>outputPaths</key>
			<array/>
			<key>runOnlyForDeploymentPostprocessing</key>
			<string>0</string>
			<key>shellPath</key>
			<string>/bin/sh</string>
			<key>shellScript</key>
			<string>"${SRCROOT}/Pods/Target Support Files/Pods-EasyTodoTodayExtenstion/Pods-EasyTodoTodayExtenstion-resources.sh"
</string>
			<key>showEnvVarsInLog</key>
			<string>0</string>
		</dict>
		<key>C24BBA64E2E76ABE61B3E854</key>
		<dict>
			<key>includeInIndex</key>
			<string>1</string>
			<key>isa</key>
			<string>PBXFileReference</string>
			<key>lastKnownFileType</key>
			<string>text.xcconfig</string>
			<key>name</key>
			<string>Pods-EasyTodo.debug.xcconfig</string>
			<key>path</key>
			<string>Pods/Target Support Files/Pods-EasyTodo/Pods-EasyTodo.debug.xcconfig</string>
			<key>sourceTree</key>
			<string>&lt;group&gt;</string>
		</dict>
		<key>DEC58BCC806B12332532C0D7</key>
		<dict>
			<key>buildActionMask</key>
			<string>2147483647</string>
			<key>files</key>
			<array/>
			<key>inputPaths</key>
			<array/>
			<key>isa</key>
			<string>PBXShellScriptBuildPhase</string>
			<key>name</key>
			<string>Embed Pods Frameworks</string>
			<key>outputPaths</key>
			<array/>
			<key>runOnlyForDeploymentPostprocessing</key>
			<string>0</string>
			<key>shellPath</key>
			<string>/bin/sh</string>
			<key>shellScript</key>
			<string>"${SRCROOT}/Pods/Target Support Files/Pods-EasyTodoTodayExtenstion/Pods-EasyTodoTodayExtenstion-frameworks.sh"
</string>
			<key>showEnvVarsInLog</key>
			<string>0</string>
		</dict>
		<key>E2AD83C08B57EE991B13E213</key>
		<dict>
			<key>includeInIndex</key>
			<string>1</string>
			<key>isa</key>
			<string>PBXFileReference</string>
			<key>lastKnownFileType</key>
			<string>text.xcconfig</string>
			<key>name</key>
			<string>Pods-EasyTodo.release.xcconfig</string>
			<key>path</key>
			<string>Pods/Target Support Files/Pods-EasyTodo/Pods-EasyTodo.release.xcconfig</string>
			<key>sourceTree</key>
			<string>&lt;group&gt;</string>
		</dict>
		<key>E7EB909E07740FAFB1ECC4CB</key>
		<dict>
			<key>explicitFileType</key>
			<string>archive.ar</string>
			<key>includeInIndex</key>
			<string>0</string>
			<key>isa</key>
			<string>PBXFileReference</string>
			<key>path</key>
			<string>libPods-EasyTodo.a</string>
			<key>sourceTree</key>
			<string>BUILT_PRODUCTS_DIR</string>
		</dict>
		<key>EC772AA6C6CD917B0FE6C1CE</key>
		<dict>
			<key>fileRef</key>
			<string>E7EB909E07740FAFB1ECC4CB</string>
			<key>isa</key>
			<string>PBXBuildFile</string>
		</dict>
		<key>F0D9A674E9E12706956D209C</key>
		<dict>
			<key>includeInIndex</key>
			<string>1</string>
			<key>isa</key>
			<string>PBXFileReference</string>
			<key>lastKnownFileType</key>
			<string>text.xcconfig</string>
			<key>name</key>
			<string>Pods-EasyTodoTests.release.xcconfig</string>
			<key>path</key>
			<string>Pods/Target Support Files/Pods-EasyTodoTests/Pods-EasyTodoTests.release.xcconfig</string>
			<key>sourceTree</key>
			<string>&lt;group&gt;</string>
		</dict>
		<key>F2A0BE1A61467DD8EB0B5BDA</key>
		<dict>
			<key>fileRef</key>
			<string>42C72F18DDEE1B0861A15AD3</string>
			<key>isa</key>
			<string>PBXBuildFile</string>
		</dict>
	</dict>
	<key>rootObject</key>
	<string>5C73856A1D8D07B10065CE41</string>
</dict>
</plist>
